
Microsoft Visual Studio Solution File, Format Version 12.00
# Visual Studio 15
VisualStudioVersion = 15.0.28307.1525
MinimumVisualStudioVersion = 10.0.40219.1
Project("{8BC9CEB8-8B4A-11D0-8D11-00A0C91BC942}") = "文件通讯录", "文件通讯录\文件通讯录.vcxproj", "{0C1A3C1D-ACE2-4855-900B-4E5D49DDCF21}"
EndProject
Global
	GlobalSection(SolutionConfigurationPlatforms) = preSolution
		Debug|x64 = Debug|x64
		Debug|x86 = Debug|x86
		Release|x64 = Release|x64
		Release|x86 = Release|x86
	EndGlobalSection
	GlobalSection(ProjectConfigurationPlatforms) = postSolution
		{0C1A3C1D-ACE2-4855-900B-4E5D49DDCF21}.Debug|x64.ActiveCfg = Debug|x64
		{0C1A3C1D-ACE2-4855-900B-4E5D49DDCF21}.Debug|x64.Build.0 = Debug|x64
		{0C1A3C1D-ACE2-4855-900B-4E5D49DDCF21}.Debug|x86.ActiveCfg = Debug|Win32
		{0C1A3C1D-ACE2-4855-900B-4E5D49DDCF21}.Debug|x86.Build.0 = Debug|Win32
		{0C1A3C1D-ACE2-4855-900B-4E5D49DDCF21}.Release|x64.ActiveCfg = Release|x64
		{0C1A3C1D-ACE2-4855-900B-4E5D49DDCF21}.Release|x64.Build.0 = Release|x64
		{0C1A3C1D-ACE2-4855-900B-4E5D49DDCF21}.Release|x86.ActiveCfg = Release|Win32
		{0C1A3C1D-ACE2-4855-900B-4E5D49DDCF21}.Release|x86.Build.0 = Release|Win32
	EndGlobalSection
	GlobalSection(SolutionProperties) = preSolution
		HideSolutionNode = FALSE
	EndGlobalSection
	GlobalSection(ExtensibilityGlobals) = postSolution
		SolutionGuid = {1897ECE1-B0D1-40D6-823A-EDE397F19129}
	EndGlobalSection
EndGlobal
