
Microsoft Visual Studio Solution File, Format Version 12.00
# Visual Studio 15
VisualStudioVersion = 15.0.28307.1525
MinimumVisualStudioVersion = 10.0.40219.1
Project("{8BC9CEB8-8B4A-11D0-8D11-00A0C91BC942}") = "字符串函数的使用用剖析", "字符串函数的使用用剖析\字符串函数的使用用剖析.vcxproj", "{C20F8BC7-7A88-47E0-A68D-9667980CF142}"
EndProject
Global
	GlobalSection(SolutionConfigurationPlatforms) = preSolution
		Debug|x64 = Debug|x64
		Debug|x86 = Debug|x86
		Release|x64 = Release|x64
		Release|x86 = Release|x86
	EndGlobalSection
	GlobalSection(ProjectConfigurationPlatforms) = postSolution
		{C20F8BC7-7A88-47E0-A68D-9667980CF142}.Debug|x64.ActiveCfg = Debug|x64
		{C20F8BC7-7A88-47E0-A68D-9667980CF142}.Debug|x64.Build.0 = Debug|x64
		{C20F8BC7-7A88-47E0-A68D-9667980CF142}.Debug|x86.ActiveCfg = Debug|Win32
		{C20F8BC7-7A88-47E0-A68D-9667980CF142}.Debug|x86.Build.0 = Debug|Win32
		{C20F8BC7-7A88-47E0-A68D-9667980CF142}.Release|x64.ActiveCfg = Release|x64
		{C20F8BC7-7A88-47E0-A68D-9667980CF142}.Release|x64.Build.0 = Release|x64
		{C20F8BC7-7A88-47E0-A68D-9667980CF142}.Release|x86.ActiveCfg = Release|Win32
		{C20F8BC7-7A88-47E0-A68D-9667980CF142}.Release|x86.Build.0 = Release|Win32
	EndGlobalSection
	GlobalSection(SolutionProperties) = preSolution
		HideSolutionNode = FALSE
	EndGlobalSection
	GlobalSection(ExtensibilityGlobals) = postSolution
		SolutionGuid = {BF4106E5-D044-47F4-A32C-30CA0D57A954}
	EndGlobalSection
EndGlobal
